
Microsoft Visual Studio Solution File, Format Version 12.00
# Visual Studio 15
VisualStudioVersion = 15.0.27130.2036
MinimumVisualStudioVersion = 10.0.40219.1
Project("{FAE04EC0-301F-11D3-BF4B-00C04F79EFBC}") = "ProjetsPratiques", "ProjetsPratiques\ProjetsPratiques.csproj", "{9804D1F5-A740-4E55-86F2-3277DCEAFBCD}"
EndProject
Project("{FAE04EC0-301F-11D3-BF4B-00C04F79EFBC}") = "LabyrintheTest", "LabyrintheTest\LabyrintheTest.csproj", "{1BECAEAD-446E-4952-B3FA-F9D5520A7BB6}"
EndProject
Project("{FAE04EC0-301F-11D3-BF4B-00C04F79EFBC}") = "NbrOccurenceMot", "NbrOccurenceMot\NbrOccurenceMot.csproj", "{BB3423A5-8781-4469-B32D-AEE9DE6050FE}"
EndProject
Global
	GlobalSection(SolutionConfigurationPlatforms) = preSolution
		Debug|Any CPU = Debug|Any CPU
		Release|Any CPU = Release|Any CPU
	EndGlobalSection
	GlobalSection(ProjectConfigurationPlatforms) = postSolution
		{9804D1F5-A740-4E55-86F2-3277DCEAFBCD}.Debug|Any CPU.ActiveCfg = Debug|Any CPU
		{9804D1F5-A740-4E55-86F2-3277DCEAFBCD}.Debug|Any CPU.Build.0 = Debug|Any CPU
		{9804D1F5-A740-4E55-86F2-3277DCEAFBCD}.Release|Any CPU.ActiveCfg = Release|Any CPU
		{9804D1F5-A740-4E55-86F2-3277DCEAFBCD}.Release|Any CPU.Build.0 = Release|Any CPU
		{1BECAEAD-446E-4952-B3FA-F9D5520A7BB6}.Debug|Any CPU.ActiveCfg = Debug|Any CPU
		{1BECAEAD-446E-4952-B3FA-F9D5520A7BB6}.Debug|Any CPU.Build.0 = Debug|Any CPU
		{1BECAEAD-446E-4952-B3FA-F9D5520A7BB6}.Release|Any CPU.ActiveCfg = Release|Any CPU
		{1BECAEAD-446E-4952-B3FA-F9D5520A7BB6}.Release|Any CPU.Build.0 = Release|Any CPU
		{BB3423A5-8781-4469-B32D-AEE9DE6050FE}.Debug|Any CPU.ActiveCfg = Debug|Any CPU
		{BB3423A5-8781-4469-B32D-AEE9DE6050FE}.Debug|Any CPU.Build.0 = Debug|Any CPU
		{BB3423A5-8781-4469-B32D-AEE9DE6050FE}.Release|Any CPU.ActiveCfg = Release|Any CPU
		{BB3423A5-8781-4469-B32D-AEE9DE6050FE}.Release|Any CPU.Build.0 = Release|Any CPU
	EndGlobalSection
	GlobalSection(SolutionProperties) = preSolution
		HideSolutionNode = FALSE
	EndGlobalSection
	GlobalSection(ExtensibilityGlobals) = postSolution
		SolutionGuid = {EF143C9B-74ED-4710-B57D-F7B7094FBD2E}
	EndGlobalSection
EndGlobal
